dependencies:
- name: llm-d-infra
  repository: https://llm-d-incubation.github.io/llm-d-infra
  version: v1.3.6
- name: body-based-routing
  repository: oci://us-central1-docker.pkg.dev/k8s-staging-images/gateway-api-inference-extension/charts
  version: v0
- name: open-webui
  repository: https://helm.openwebui.com/
  version: 10.2.1
digest: sha256:e64873de55015ca504be86cf23eb19e5b5b81d7d271b0af4a54ea435fc806723
generated: "2026-02-05T10:20:54.858631244+01:00"
