dependencies:
- name: agentgateway
  repository: oci://cr.agentgateway.dev/charts
  version: v1.0.0
- name: llm-d-infra
  repository: https://llm-d-incubation.github.io/llm-d-infra
  version: v1.4.0
- name: open-webui
  repository: https://helm.openwebui.com/
  version: 13.0.1
digest: sha256:75c6508925df4e51f44a9c281505ebd39b63da02f25a5758256f1ea50b3526c8
generated: "2026-06-30T11:12:07.441722443+02:00"
