dependencies:
- name: slurm
  repository: oci://ghcr.io/slinkyproject/charts
  version: 0.4.1
- name: mariadb-operator-crds
  repository: https://helm.mariadb.com/mariadb-operator
  version: 25.10.1
- name: mariadb-operator
  repository: https://helm.mariadb.com/mariadb-operator
  version: 25.10.1
- name: csi-driver-nfs
  repository: https://raw.githubusercontent.com/kubernetes-csi/csi-driver-nfs/master/charts
  version: 4.12.1
digest: sha256:dfe096c1797d2de1fefd9dfdbc8752fb5e0728285e5db060b7af683fc4844b6e
generated: "2025-10-27T15:55:26.570408491+01:00"
