dependencies:
- name: inferencepool
  repository: oci://registry.k8s.io/gateway-api-inference-extension/charts
  version: v1.2.0-rc.1
- name: llm-d-modelservice
  repository: https://llm-d-incubation.github.io/llm-d-modelservice
  version: v0.3.8
digest: sha256:1d4034cae81be03023ce858cd51989c355a5c0b01a47a2b19cd397af3f4dd2b4
generated: "2026-02-02T11:34:39.680621057+01:00"
