dependencies:
- name: inferencepool
  repository: oci://registry.k8s.io/gateway-api-inference-extension/charts
  version: v1.3.0
- name: llm-d-modelservice
  repository: https://llm-d-incubation.github.io/llm-d-modelservice
  version: v0.4.5
digest: sha256:d5222bbe561d761954e564decf1183beb88fcfe5291eff11a577e0b598ca914b
generated: "2026-02-05T11:46:40.34994244+01:00"
