dependencies:
- name: slurm-operator-crds
  repository: oci://ghcr.io/slinkyproject/charts
  version: 0.4.1
- name: slurm-operator
  repository: oci://ghcr.io/slinkyproject/charts
  version: 0.4.1
digest: sha256:e4f4809cfcedf8ed7b472be312e9d1ee6b78f516d9a42febc28dd4267de43d01
generated: "2025-10-23T14:17:20.859980806+02:00"
