dependencies:
- name: slurm-operator-crds
  repository: oci://ghcr.io/slinkyproject/charts
  version: 0.4.1
- name: slurm-operator
  repository: oci://ghcr.io/slinkyproject/charts
  version: 0.4.1
- name: csi-driver-nfs
  repository: https://raw.githubusercontent.com/kubernetes-csi/csi-driver-nfs/master/charts
  version: 4.12.1
digest: sha256:439d1e1484200c9b52a1db317c7fb22b49134eb3fcc7f9a174032ebff676cdb0
generated: "2025-10-29T09:06:57.639479179+01:00"
